
Microsoft Visual Studio Solution File, Format Version 12.00
# Visual Studio Version 17
VisualStudioVersion = 17.14.36119.2 d17.14
MinimumVisualStudioVersion = 10.0.40219.1
Project("{FAE04EC0-301F-11D3-BF4B-00C04F79EFBC}") = "NewShopEditor", "NewShopEditor\NewShopEditor.csproj", "{D5207C05-2864-4C1D-9B88-88855BCDCA58}"
EndProject
Global
	GlobalSection(SolutionConfigurationPlatforms) = preSolution
		Debug|Any CPU = Debug|Any CPU
		Release|Any CPU = Release|Any CPU
	EndGlobalSection
	GlobalSection(ProjectConfigurationPlatforms) = postSolution
		{D5207C05-2864-4C1D-9B88-88855BCDCA58}.Debug|Any CPU.ActiveCfg = Debug|Any CPU
		{D5207C05-2864-4C1D-9B88-88855BCDCA58}.Debug|Any CPU.Build.0 = Debug|Any CPU
		{D5207C05-2864-4C1D-9B88-88855BCDCA58}.Release|Any CPU.ActiveCfg = Release|Any CPU
		{D5207C05-2864-4C1D-9B88-88855BCDCA58}.Release|Any CPU.Build.0 = Release|Any CPU
	EndGlobalSection
	GlobalSection(SolutionProperties) = preSolution
		HideSolutionNode = FALSE
	EndGlobalSection
	GlobalSection(ExtensibilityGlobals) = postSolution
		SolutionGuid = {641D3764-15EE-418B-BBE3-36D3F9D9E46F}
	EndGlobalSection
EndGlobal
